<?xml version="1.0" encoding="utf-8"?>
<Project ToolsVersion="4.0" xmlns="http://schemas.microsoft.com/developer/msbuild/2003">
  <ItemGroup>
    <Filter Include="來源檔案">
      <UniqueIdentifier>{4FC737F1-C7A5-4376-A066-2A32D752A2FF}</UniqueIdentifier>
      <Extensions>cpp;c;cc;cxx;c++;cppm;ixx;def;odl;idl;hpj;bat;asm;asmx</Extensions>
    </Filter>
    <Filter Include="標頭檔">
      <UniqueIdentifier>{93995380-89BD-4b04-88EB-625FBE52EBFB}</UniqueIdentifier>
      <Extensions>h;hh;hpp;hxx;h++;hm;inl;inc;ipp;xsd</Extensions>
    </Filter>
    <Filter Include="資源檔">
      <UniqueIdentifier>{67DA6AB6-F800-4c08-8B7A-83BB121AAD01}</UniqueIdentifier>
      <Extensions>rc;ico;cur;bmp;dlg;rc2;rct;bin;rgs;gif;jpg;jpeg;jpe;resx;tiff;tif;png;wav;mfcribbon-ms</Extensions>
    </Filter>
  </ItemGroup>
  <ItemGroup>
    <None Include="packages.config" />
  </ItemGroup>
  <ItemGroup>
    <ClCompile Include="Main.cpp">
      <Filter>來源檔案</Filter>
    </ClCompile>
    <ClCompile Include="Role.cpp">
      <Filter>來源檔案</Filter>
    </ClCompile>
    <ClCompile Include="module.cpp">
      <Filter>來源檔案</Filter>
    </ClCompile>
    <ClCompile Include="ExampleDisplay.cpp">
      <Filter>來源檔案</Filter>
    </ClCompile>
    <ClCompile Include="GameWindow.cpp">
      <Filter>來源檔案</Filter>
    </ClCompile>
    <ClCompile Include="Circle.cpp">
      <Filter>來源檔案</Filter>
    </ClCompile>
    <ClCompile Include="Rectangle.cpp">
      <Filter>來源檔案</Filter>
    </ClCompile>
    <ClCompile Include="examplecode.cpp">
      <Filter>來源檔案</Filter>
    </ClCompile>
    <ClCompile Include="StartMenu.cpp">
      <Filter>來源檔案</Filter>
    </ClCompile>
    <ClCompile Include="Button.cpp">
      <Filter>來源檔案</Filter>
    </ClCompile>
    <ClCompile Include="Pseudo.cpp">
      <Filter>來源檔案</Filter>
    </ClCompile>
  </ItemGroup>
  <ItemGroup>
    <ClInclude Include="Rectangle.h">
      <Filter>標頭檔</Filter>
    </ClInclude>
    <ClInclude Include="Role.h">
      <Filter>標頭檔</Filter>
    </ClInclude>
    <ClInclude Include="Circle.h">
      <Filter>標頭檔</Filter>
    </ClInclude>
    <ClInclude Include="Menu.h">
      <Filter>標頭檔</Filter>
    </ClInclude>
    <ClInclude Include="Global.h">
      <Filter>標頭檔</Filter>
    </ClInclude>
    <ClInclude Include="GameWindow.h">
      <Filter>標頭檔</Filter>
    </ClInclude>
    <ClInclude Include="Scene.h">
      <Filter>標頭檔</Filter>
    </ClInclude>
    <ClInclude Include="StartMenu.h">
      <Filter>標頭檔</Filter>
    </ClInclude>
    <ClInclude Include="Button.h">
      <Filter>標頭檔</Filter>
    </ClInclude>
  </ItemGroup>
</Project>